// !$*UTF8*$!
{
	archiveVersion = 1;
	classes = {
	};
	objectVersion = 56;
	objects = {

/* Begin PBXBuildFile section */
		CD07C95F2B1AD7CD004FB899 /* AppDelegate.swift in Sources */ = {isa = PBXBuildFile; fileRef = CD07C95E2B1AD7CD004FB899 /* AppDelegate.swift */; };
		CD07C9612B1AD7CD004FB899 /* SceneDelegate.swift in Sources */ = {isa = PBXBuildFile; fileRef = CD07C9602B1AD7CD004FB899 /* SceneDelegate.swift */; };
		CD07C9632B1AD7CD004FB899 /* ViewController.swift in Sources */ = {isa = PBXBuildFile; fileRef = CD07C9622B1AD7CD004FB899 /* ViewController.swift */; };
		CD07C9662B1AD7CD004FB899 /* Main.storyboard in Resources */ = {isa = PBXBuildFile; fileRef = CD07C9642B1AD7CD004FB899 /* Main.storyboard */; };
		CD07C9692B1AD7CD004FB899 /* DevHub.xcdatamodeld in Sources */ = {isa = PBXBuildFile; fileRef = CD07C9672B1AD7CD004FB899 /* DevHub.xcdatamodeld */; };
		CD07C96B2B1AD7CE004FB899 /* Assets.xcassets in Resources */ = {isa = PBXBuildFile; fileRef = CD07C96A2B1AD7CE004FB899 /* Assets.xcassets */; };
		CD07C96E2B1AD7CE004FB899 /* LaunchScreen.storyboard in Resources */ = {isa = PBXBuildFile; fileRef = CD07C96C2B1AD7CE004FB899 /* LaunchScreen.storyboard */; };
		CD07C97C2B1ADC6E004FB899 /* ProfilTableViewController.swift in Sources */ = {isa = PBXBuildFile; fileRef = CD07C97B2B1ADC6E004FB899 /* ProfilTableViewController.swift */; };
		CD07C97E2B1AE287004FB899 /* ContributorService.swift in Sources */ = {isa = PBXBuildFile; fileRef = CD07C97D2B1AE287004FB899 /* ContributorService.swift */; };
/* End PBXBuildFile section */

/* Begin PBXFileReference section */
		CD07C95B2B1AD7CD004FB899 /* DevHub.app */ = {isa = PBXFileReference; explicitFileType = wrapper.application; includeInIndex = 0; path = DevHub.app; sourceTree = BUILT_PRODUCTS_DIR; };
		CD07C95E2B1AD7CD004FB899 /* AppDelegate.swift */ = {isa = PBXFileReference; lastKnownFileType = sourcecode.swift; path = AppDelegate.swift; sourceTree = "<group>"; };
		CD07C9602B1AD7CD004FB899 /* SceneDelegate.swift */ = {isa = PBXFileReference; lastKnownFileType = sourcecode.swift; path = SceneDelegate.swift; sourceTree = "<group>"; };
		CD07C9622B1AD7CD004FB899 /* ViewController.swift */ = {isa = PBXFileReference; lastKnownFileType = sourcecode.swift; path = ViewController.swift; sourceTree = "<group>"; };
		CD07C9652B1AD7CD004FB899 /* Base */ = {isa = PBXFileReference; lastKnownFileType = file.storyboard; name = Base; path = Base.lproj/Main.storyboard; sourceTree = "<group>"; };
		CD07C9682B1AD7CD004FB899 /* DevHub.xcdatamodel */ = {isa = PBXFileReference; lastKnownFileType = wrapper.xcdatamodel; path = DevHub.xcdatamodel; sourceTree = "<group>"; };
		CD07C96A2B1AD7CE004FB899 /* Assets.xcassets */ = {isa = PBXFileReference; lastKnownFileType = folder.assetcatalog; path = Assets.xcassets; sourceTree = "<group>"; };
		CD07C96D2B1AD7CE004FB899 /* Base */ = {isa = PBXFileReference; lastKnownFileType = file.storyboard; name = Base; path = Base.lproj/LaunchScreen.storyboard; sourceTree = "<group>"; };
		CD07C96F2B1AD7CE004FB899 /* Info.plist */ = {isa = PBXFileReference; lastKnownFileType = text.plist.xml; path = Info.plist; sourceTree = "<group>"; };
		CD07C97B2B1ADC6E004FB899 /* ProfilTableViewController.swift */ = {isa = PBXFileReference; lastKnownFileType = sourcecode.swift; path = ProfilTableViewController.swift; sourceTree = "<group>"; };
		CD07C97D2B1AE287004FB899 /* ContributorService.swift */ = {isa = PBXFileReference; lastKnownFileType = sourcecode.swift; path = ContributorService.swift; sourceTree = "<group>"; };
/* End PBXFileReference section */

/* Begin PBXFrameworksBuildPhase section */
		CD07C9582B1AD7CD004FB899 /* Frameworks */ = {
			isa = PBXFrameworksBuildPhase;
			buildActionMask = 2147483647;
			files = (
			);
			runOnlyForDeploymentPostprocessing = 0;
		};
/* End PBXFrameworksBuildPhase section */

/* Begin PBXGroup section */
		CD07C9522B1AD7CD004FB899 = {
			isa = PBXGroup;
			children = (
				CD07C95D2B1AD7CD004FB899 /* DevHub */,
				CD07C95C2B1AD7CD004FB899 /* Products */,
			);
			sourceTree = "<group>";
		};
		CD07C95C2B1AD7CD004FB899 /* Products */ = {
			isa = PBXGroup;
			children = (
				CD07C95B2B1AD7CD004FB899 /* DevHub.app */,
			);
			name = Products;
			sourceTree = "<group>";
		};
		CD07C95D2B1AD7CD004FB899 /* DevHub */ = {
			isa = PBXGroup;
			children = (
				CD07C95E2B1AD7CD004FB899 /* AppDelegate.swift */,
				CD07C9602B1AD7CD004FB899 /* SceneDelegate.swift */,
				CD07C9622B1AD7CD004FB899 /* ViewController.swift */,
				CD07C9642B1AD7CD004FB899 /* Main.storyboard */,
				CD07C96A2B1AD7CE004FB899 /* Assets.xcassets */,
				CD07C96C2B1AD7CE004FB899 /* LaunchScreen.storyboard */,
				CD07C96F2B1AD7CE004FB899 /* Info.plist */,
				CD07C9672B1AD7CD004FB899 /* DevHub.xcdatamodeld */,
				CD07C97B2B1ADC6E004FB899 /* ProfilTableViewController.swift */,
				CD07C97D2B1AE287004FB899 /* ContributorService.swift */,
			);
			path = DevHub;
			sourceTree = "<group>";
		};
/* End PBXGroup section */

/* Begin PBXNativeTarget section */
		CD07C95A2B1AD7CD004FB899 /* DevHub */ = {
			isa = PBXNativeTarget;
			buildConfigurationList = CD07C9722B1AD7CE004FB899 /* Build configuration list for PBXNativeTarget "DevHub" */;
			buildPhases = (
				CD07C9572B1AD7CD004FB899 /* Sources */,
				CD07C9582B1AD7CD004FB899 /* Frameworks */,
				CD07C9592B1AD7CD004FB899 /* Resources */,
			);
			buildRules = (
			);
			dependencies = (
			);
			name = DevHub;
			productName = DevHub;
			productReference = CD07C95B2B1AD7CD004FB899 /* DevHub.app */;
			productType = "com.apple.product-type.application";
		};
/* End PBXNativeTarget section */

/* Begin PBXProject section */
		CD07C9532B1AD7CD004FB899 /* Project object */ = {
			isa = PBXProject;
			attributes = {
				BuildIndependentTargetsInParallel = 1;
				LastSwiftUpdateCheck = 1500;
				LastUpgradeCheck = 1500;
				TargetAttributes = {
					CD07C95A2B1AD7CD004FB899 = {
						CreatedOnToolsVersion = 15.0.1;
					};
				};
			};
			buildConfigurationList = CD07C9562B1AD7CD004FB899 /* Build configuration list for PBXProject "DevHub" */;
			compatibilityVersion = "Xcode 14.0";
			developmentRegion = en;
			hasScannedForEncodings = 0;
			knownRegions = (
				en,
				Base,
			);
			mainGroup = CD07C9522B1AD7CD004FB899;
			productRefGroup = CD07C95C2B1AD7CD004FB899 /* Products */;
			projectDirPath = "";
			projectRoot = "";
			targets = (
				CD07C95A2B1AD7CD004FB899 /* DevHub */,
			);
		};
/* End PBXProject section */

/* Begin PBXResourcesBuildPhase section */
		CD07C9592B1AD7CD004FB899 /* Resources */ = {
			isa = PBXResourcesBuildPhase;
			buildActionMask = 2147483647;
			files = (
				CD07C96E2B1AD7CE004FB899 /* LaunchScreen.storyboard in Resources */,
				CD07C96B2B1AD7CE004FB899 /* Assets.xcassets in Resources */,
				CD07C9662B1AD7CD004FB899 /* Main.storyboard in Resources */,
			);
			runOnlyForDeploymentPostprocessing = 0;
		};
/* End PBXResourcesBuildPhase section */

/* Begin PBXSourcesBuildPhase section */
		CD07C9572B1AD7CD004FB899 /* Sources */ = {
			isa = PBXSourcesBuildPhase;
			buildActionMask = 2147483647;
			files = (
				CD07C9632B1AD7CD004FB899 /* ViewController.swift in Sources */,
				CD07C9692B1AD7CD004FB899 /* DevHub.xcdatamodeld in Sources */,
				CD07C95F2B1AD7CD004FB899 /* AppDelegate.swift in Sources */,
				CD07C97E2B1AE287004FB899 /* ContributorService.swift in Sources */,
				CD07C97C2B1ADC6E004FB899 /* ProfilTableViewController.swift in Sources */,
				CD07C9612B1AD7CD004FB899 /* SceneDelegate.swift in Sources */,
			);
			runOnlyForDeploymentPostprocessing = 0;
		};
/* End PBXSourcesBuildPhase section */

/* Begin PBXVariantGroup section */
		CD07C9642B1AD7CD004FB899 /* Main.storyboard */ = {
			isa = PBXVariantGroup;
			children = (
				CD07C9652B1AD7CD004FB899 /* Base */,
			);
			name = Main.storyboard;
			sourceTree = "<group>";
		};
		CD07C96C2B1AD7CE004FB899 /* LaunchScreen.storyboard */ = {
			isa = PBXVariantGroup;
			children = (
				CD07C96D2B1AD7CE004FB899 /* Base */,
			);
			name = LaunchScreen.storyboard;
			sourceTree = "<group>";
		};
/* End PBXVariantGroup section */

/* Begin XCBuildConfiguration section */
		CD07C9702B1AD7CE004FB899 /* Debug */ = {
			isa = XCBuildConfiguration;
			buildSettings = {
				ALWAYS_SEARCH_USER_PATHS = NO;
				ASSETCATALOG_COMPILER_GENERATE_SWIFT_ASSET_SYMBOL_EXTENSIONS = YES;
				CLANG_ANALYZER_NONNULL = YES;
				CLANG_ANALYZER_NUMBER_OBJECT_CONVERSION = YES_AGGRESSIVE;
				CLANG_CXX_LANGUAGE_STANDARD = "gnu++20";
				CLANG_ENABLE_MODULES = YES;
				CLANG_ENABLE_OBJC_ARC = YES;
				CLANG_ENABLE_OBJC_WEAK = YES;
				CLANG_WARN_BLOCK_CAPTURE_AUTORELEASING = YES;
				CLANG_WARN_BOOL_CONVERSION = YES;
				CLANG_WARN_COMMA = YES;
				CLANG_WARN_CONSTANT_CONVERSION = YES;
				CLANG_WARN_DEPRECATED_OBJC_IMPLEMENTATIONS = YES;
				CLANG_WARN_DIRECT_OBJC_ISA_USAGE = YES_ERROR;
				CLANG_WARN_DOCUMENTATION_COMMENTS = YES;
				CLANG_WARN_EMPTY_BODY = YES;
				CLANG_WARN_ENUM_CONVERSION = YES;
				CLANG_WARN_INFINITE_RECURSION = YES;
				CLANG_WARN_INT_CONVERSION = YES;
				CLANG_WARN_NON_LITERAL_NULL_CONVERSION = YES;
				CLANG_WARN_OBJC_IMPLICIT_RETAIN_SELF = YES;
				CLANG_WARN_OBJC_LITERAL_CONVERSION = YES;
				CLANG_WARN_OBJC_ROOT_CLASS = YES_ERROR;
				CLANG_WARN_QUOTED_INCLUDE_IN_FRAMEWORK_HEADER = YES;
				CLANG_WARN_RANGE_LOOP_ANALYSIS = YES;
				CLANG_WARN_STRICT_PROTOTYPES = YES;
				CLANG_WARN_SUSPICIOUS_MOVE = YES;
				CLANG_WARN_UNGUARDED_AVAILABILITY = YES_AGGRESSIVE;
				CLANG_WARN_UNREACHABLE_CODE = YES;
				CLANG_WARN__DUPLICATE_METHOD_MATCH = YES;
				COPY_PHASE_STRIP = NO;
				DEBUG_INFORMATION_FORMAT = dwarf;
				ENABLE_STRICT_OBJC_MSGSEND = YES;
				ENABLE_TESTABILITY = YES;
				ENABLE_USER_SCRIPT_SANDBOXING = YES;
				GCC_C_LANGUAGE_STANDARD = gnu17;
				GCC_DYNAMIC_NO_PIC = NO;
				GCC_NO_COMMON_BLOCKS = YES;
				GCC_OPTIMIZATION_LEVEL = 0;
				GCC_PREPROCESSOR_DEFINITIONS = (
					"DEBUG=1",
					"$(inherited)",
				);
				GCC_WARN_64_TO_32_BIT_CONVERSION = YES;
				GCC_WARN_ABOUT_RETURN_TYPE = YES_ERROR;
				GCC_WARN_UNDECLARED_SELECTOR = YES;
				GCC_WARN_UNINITIALIZED_AUTOS = YES_AGGRESSIVE;
				GCC_WARN_UNUSED_FUNCTION = YES;
				GCC_WARN_UNUSED_VARIABLE = YES;
				IPHONEOS_DEPLOYMENT_TARGET = 17.0;
				LOCALIZATION_PREFERS_STRING_CATALOGS = YES;
				MTL_ENABLE_DEBUG_INFO = INCLUDE_SOURCE;
				MTL_FAST_MATH = YES;
				ONLY_ACTIVE_ARCH = YES;
				SDKROOT = iphoneos;
				SWIFT_ACTIVE_COMPILATION_CONDITIONS = "DEBUG $(inherited)";
				SWIFT_OPTIMIZATION_LEVEL = "-Onone";
			};
			name = Debug;
		};
		CD07C9712B1AD7CE004FB899 /* Release */ = {
			isa = XCBuildConfiguration;
			buildSettings = {
				ALWAYS_SEARCH_USER_PATHS = NO;
				ASSETCATALOG_COMPILER_GENERATE_SWIFT_ASSET_SYMBOL_EXTENSIONS = YES;
				CLANG_ANALYZER_NONNULL = YES;
				CLANG_ANALYZER_NUMBER_OBJECT_CONVERSION = YES_AGGRESSIVE;
				CLANG_CXX_LANGUAGE_STANDARD = "gnu++20";
				CLANG_ENABLE_MODULES = YES;
				CLANG_ENABLE_OBJC_ARC = YES;
				CLANG_ENABLE_OBJC_WEAK = YES;
				CLANG_WARN_BLOCK_CAPTURE_AUTORELEASING = YES;
				CLANG_WARN_BOOL_CONVERSION = YES;
				CLANG_WARN_COMMA = YES;
				CLANG_WARN_CONSTANT_CONVERSION = YES;
				CLANG_WARN_DEPRECATED_OBJC_IMPLEMENTATIONS = YES;
				CLANG_WARN_DIRECT_OBJC_ISA_USAGE = YES_ERROR;
				CLANG_WARN_DOCUMENTATION_COMMENTS = YES;
				CLANG_WARN_EMPTY_BODY = YES;
				CLANG_WARN_ENUM_CONVERSION = YES;
				CLANG_WARN_INFINITE_RECURSION = YES;
				CLANG_WARN_INT_CONVERSION = YES;
				CLANG_WARN_NON_LITERAL_NULL_CONVERSION = YES;
				CLANG_WARN_OBJC_IMPLICIT_RETAIN_SELF = YES;
				CLANG_WARN_OBJC_LITERAL_CONVERSION = YES;
				CLANG_WARN_OBJC_ROOT_CLASS = YES_ERROR;
				CLANG_WARN_QUOTED_INCLUDE_IN_FRAMEWORK_HEADER = YES;
				CLANG_WARN_RANGE_LOOP_ANALYSIS = YES;
				CLANG_WARN_STRICT_PROTOTYPES = YES;
				CLANG_WARN_SUSPICIOUS_MOVE = YES;
				CLANG_WARN_UNGUARDED_AVAILABILITY = YES_AGGRESSIVE;
				CLANG_WARN_UNREACHABLE_CODE = YES;
				CLANG_WARN__DUPLICATE_METHOD_MATCH = YES;
				COPY_PHASE_STRIP = NO;
				DEBUG_INFORMATION_FORMAT = "dwarf-with-dsym";
				ENABLE_NS_ASSERTIONS = NO;
				ENABLE_STRICT_OBJC_MSGSEND = YES;
				ENABLE_USER_SCRIPT_SANDBOXING = YES;
				GCC_C_LANGUAGE_STANDARD = gnu17;
				GCC_NO_COMMON_BLOCKS = YES;
				GCC_WARN_64_TO_32_BIT_CONVERSION = YES;
				GCC_WARN_ABOUT_RETURN_TYPE = YES_ERROR;
				GCC_WARN_UNDECLARED_SELECTOR = YES;
				GCC_WARN_UNINITIALIZED_AUTOS = YES_AGGRESSIVE;
				GCC_WARN_UNUSED_FUNCTION = YES;
				GCC_WARN_UNUSED_VARIABLE = YES;
				IPHONEOS_DEPLOYMENT_TARGET = 17.0;
				LOCALIZATION_PREFERS_STRING_CATALOGS = YES;
				MTL_ENABLE_DEBUG_INFO = NO;
				MTL_FAST_MATH = YES;
				SDKROOT = iphoneos;
				SWIFT_COMPILATION_MODE = wholemodule;
				VALIDATE_PRODUCT = YES;
			};
			name = Release;
		};
		CD07C9732B1AD7CE004FB899 /* Debug */ = {
			isa = XCBuildConfiguration;
			buildSettings = {
				ASSETCATALOG_COMPILER_APPICON_NAME = AppIcon;
				ASSETCATALOG_COMPILER_GLOBAL_ACCENT_COLOR_NAME = AccentColor;
				CODE_SIGN_STYLE = Automatic;
				CURRENT_PROJECT_VERSION = 1;
				GENERATE_INFOPLIST_FILE = YES;
				INFOPLIST_FILE = DevHub/Info.plist;
				INFOPLIST_KEY_UIApplicationSupportsIndirectInputEvents = YES;
				INFOPLIST_KEY_UILaunchStoryboardName = LaunchScreen;
				INFOPLIST_KEY_UIMainStoryboardFile = Main;
				INFOPLIST_KEY_UISupportedInterfaceOrientations_iPad = "UIInterfaceOrientationPortrait UIInterfaceOrientationPortraitUpsideDown UIInterfaceOrientationLandscapeLeft UIInterfaceOrientationLandscapeRight";
				INFOPLIST_KEY_UISupportedInterfaceOrientations_iPhone = "UIInterfaceOrientationPortrait UIInterfaceOrientationLandscapeLeft UIInterfaceOrientationLandscapeRight";
				LD_RUNPATH_SEARCH_PATHS = (
					"$(inherited)",
					"@executable_path/Frameworks",
				);
				MARKETING_VERSION = 1.0;
				PRODUCT_BUNDLE_IDENTIFIER = com.massi.devhub.DevHub;
				PRODUCT_NAME = "$(TARGET_NAME)";
				SWIFT_EMIT_LOC_STRINGS = YES;
				SWIFT_VERSION = 5.0;
				TARGETED_DEVICE_FAMILY = "1,2";
			};
			name = Debug;
		};
		CD07C9742B1AD7CE004FB899 /* Release */ = {
			isa = XCBuildConfiguration;
			buildSettings = {
				ASSETCATALOG_COMPILER_APPICON_NAME = AppIcon;
				ASSETCATALOG_COMPILER_GLOBAL_ACCENT_COLOR_NAME = AccentColor;
				CODE_SIGN_STYLE = Automatic;
				CURRENT_PROJECT_VERSION = 1;
				GENERATE_INFOPLIST_FILE = YES;
				INFOPLIST_FILE = DevHub/Info.plist;
				INFOPLIST_KEY_UIApplicationSupportsIndirectInputEvents = YES;
				INFOPLIST_KEY_UILaunchStoryboardName = LaunchScreen;
				INFOPLIST_KEY_UIMainStoryboardFile = Main;
				INFOPLIST_KEY_UISupportedInterfaceOrientations_iPad = "UIInterfaceOrientationPortrait UIInterfaceOrientationPortraitUpsideDown UIInterfaceOrientationLandscapeLeft UIInterfaceOrientationLandscapeRight";
				INFOPLIST_KEY_UISupportedInterfaceOrientations_iPhone = "UIInterfaceOrientationPortrait UIInterfaceOrientationLandscapeLeft UIInterfaceOrientationLandscapeRight";
				LD_RUNPATH_SEARCH_PATHS = (
					"$(inherited)",
					"@executable_path/Frameworks",
				);
				MARKETING_VERSION = 1.0;
				PRODUCT_BUNDLE_IDENTIFIER = com.massi.devhub.DevHub;
				PRODUCT_NAME = "$(TARGET_NAME)";
				SWIFT_EMIT_LOC_STRINGS = YES;
				SWIFT_VERSION = 5.0;
				TARGETED_DEVICE_FAMILY = "1,2";
			};
			name = Release;
		};
/* End XCBuildConfiguration section */

/* Begin XCConfigurationList section */
		CD07C9562B1AD7CD004FB899 /* Build configuration list for PBXProject "DevHub" */ = {
			isa = XCConfigurationList;
			buildConfigurations = (
				CD07C9702B1AD7CE004FB899 /* Debug */,
				CD07C9712B1AD7CE004FB899 /* Release */,
			);
			defaultConfigurationIsVisible = 0;
			defaultConfigurationName = Release;
		};
		CD07C9722B1AD7CE004FB899 /* Build configuration list for PBXNativeTarget "DevHub" */ = {
			isa = XCConfigurationList;
			buildConfigurations = (
				CD07C9732B1AD7CE004FB899 /* Debug */,
				CD07C9742B1AD7CE004FB899 /* Release */,
			);
			defaultConfigurationIsVisible = 0;
			defaultConfigurationName = Release;
		};
/* End XCConfigurationList section */

/* Begin XCVersionGroup section */
		CD07C9672B1AD7CD004FB899 /* DevHub.xcdatamodeld */ = {
			isa = XCVersionGroup;
			children = (
				CD07C9682B1AD7CD004FB899 /* DevHub.xcdatamodel */,
			);
			currentVersion = CD07C9682B1AD7CD004FB899 /* DevHub.xcdatamodel */;
			path = DevHub.xcdatamodeld;
			sourceTree = "<group>";
			versionGroupType = wrapper.xcdatamodel;
		};
/* End XCVersionGroup section */
	};
	rootObject = CD07C9532B1AD7CD004FB899 /* Project object */;
}
